lockfileVersion: '6.0'

settings:
  autoInstallPeers: true
  excludeLinksFromLockfile: false

dependencies:
  '@tiptap/core':
    specifier: ^2.8.0
    version: 2.8.0(@tiptap/pm@2.8.0)
  '@tiptap/extension-collaboration':
    specifier: ^2.8.0
    version: 2.8.0(@tiptap/core@2.8.0)(@tiptap/pm@2.8.0)(y-prosemirror@1.2.12)
  '@tiptap/extension-collaboration-cursor':
    specifier: ^2.8.0
    version: 2.8.0(@tiptap/core@2.8.0)(y-prosemirror@1.2.12)
  '@tiptap/extension-placeholder':
    specifier: ^2.8.0
    version: 2.8.0(@tiptap/core@2.8.0)(@tiptap/pm@2.8.0)
  '@tiptap/pm':
    specifier: ^2.8.0
    version: 2.8.0
  '@tiptap/starter-kit':
    specifier: ^2.8.0
    version: 2.8.0(@tiptap/extension-text-style@2.8.0)
  y-webrtc:
    specifier: ^10.3.0
    version: 10.3.0(yjs@13.6.19)
  yjs:
    specifier: ^13.6.19
    version: 13.6.19

devDependencies:
  vite:
    specifier: ^5.4.8
    version: 5.4.8

packages:

  /@esbuild/aix-ppc64@0.21.5:
    resolution: {integrity: sha512-1SDgH6ZSPTlggy1yI6+Dbkiz8xzpHJEVAlF/AM1tHPLsf5STom9rwtjE4hKAF20FfXXNTFqEYXyJNWh1GiZedQ==}
    engines: {node: '>=12'}
    cpu: [ppc64]
    os: [aix]
    requiresBuild: true
    dev: true
    optional: true

  /@esbuild/android-arm64@0.21.5:
    resolution: {integrity: sha512-c0uX9VAUBQ7dTDCjq+wdyGLowMdtR/GoC2U5IYk/7D1H1JYC0qseD7+11iMP2mRLN9RcCMRcjC4YMclCzGwS/A==}
    engines: {node: '>=12'}
    cpu: [arm64]
    os: [android]
    requiresBuild: true
    dev: true
    optional: true

  /@esbuild/android-arm@0.21.5:
    resolution: {integrity: sha512-vCPvzSjpPHEi1siZdlvAlsPxXl7WbOVUBBAowWug4rJHb68Ox8KualB+1ocNvT5fjv6wpkX6o/iEpbDrf68zcg==}
    engines: {node: '>=12'}
    cpu: [arm]
    os: [android]
    requiresBuild: true
    dev: true
    optional: true

  /@esbuild/android-x64@0.21.5:
    resolution: {integrity: sha512-D7aPRUUNHRBwHxzxRvp856rjUHRFW1SdQATKXH2hqA0kAZb1hKmi02OpYRacl0TxIGz/ZmXWlbZgjwWYaCakTA==}
    engines: {node: '>=12'}
    cpu: [x64]
    os: [android]
    requiresBuild: true
    dev: true
    optional: true

  /@esbuild/darwin-arm64@0.21.5:
    resolution: {integrity: sha512-DwqXqZyuk5AiWWf3UfLiRDJ5EDd49zg6O9wclZ7kUMv2WRFr4HKjXp/5t8JZ11QbQfUS6/cRCKGwYhtNAY88kQ==}
    engines: {node: '>=12'}
    cpu: [arm64]
    os: [darwin]
    requiresBuild: true
    dev: true
    optional: true

  /@esbuild/darwin-x64@0.21.5:
    resolution: {integrity: sha512-se/JjF8NlmKVG4kNIuyWMV/22ZaerB+qaSi5MdrXtd6R08kvs2qCN4C09miupktDitvh8jRFflwGFBQcxZRjbw==}
    engines: {node: '>=12'}
    cpu: [x64]
    os: [darwin]
    requiresBuild: true
    dev: true
    optional: true

  /@esbuild/freebsd-arm64@0.21.5:
    resolution: {integrity: sha512-5JcRxxRDUJLX8JXp/wcBCy3pENnCgBR9bN6JsY4OmhfUtIHe3ZW0mawA7+RDAcMLrMIZaf03NlQiX9DGyB8h4g==}
    engines: {node: '>=12'}
    cpu: [arm64]
    os: [freebsd]
    requiresBuild: true
    dev: true
    optional: true

  /@esbuild/freebsd-x64@0.21.5:
    resolution: {integrity: sha512-J95kNBj1zkbMXtHVH29bBriQygMXqoVQOQYA+ISs0/2l3T9/kj42ow2mpqerRBxDJnmkUDCaQT/dfNXWX/ZZCQ==}
    engines: {node: '>=12'}
    cpu: [x64]
    os: [freebsd]
    requiresBuild: true
    dev: true
    optional: true

  /@esbuild/linux-arm64@0.21.5:
    resolution: {integrity: sha512-ibKvmyYzKsBeX8d8I7MH/TMfWDXBF3db4qM6sy+7re0YXya+K1cem3on9XgdT2EQGMu4hQyZhan7TeQ8XkGp4Q==}
    engines: {node: '>=12'}
    cpu: [arm64]
    os: [linux]
    requiresBuild: true
    dev: true
    optional: true

  /@esbuild/linux-arm@0.21.5:
    resolution: {integrity: sha512-bPb5AHZtbeNGjCKVZ9UGqGwo8EUu4cLq68E95A53KlxAPRmUyYv2D6F0uUI65XisGOL1hBP5mTronbgo+0bFcA==}
    engines: {node: '>=12'}
    cpu: [arm]
    os: [linux]
    requiresBuild: true
    dev: true
    optional: true

  /@esbuild/linux-ia32@0.21.5:
    resolution: {integrity: sha512-YvjXDqLRqPDl2dvRODYmmhz4rPeVKYvppfGYKSNGdyZkA01046pLWyRKKI3ax8fbJoK5QbxblURkwK/MWY18Tg==}
    engines: {node: '>=12'}
    cpu: [ia32]
    os: [linux]
    requiresBuild: true
    dev: true
    optional: true

  /@esbuild/linux-loong64@0.21.5:
    resolution: {integrity: sha512-uHf1BmMG8qEvzdrzAqg2SIG/02+4/DHB6a9Kbya0XDvwDEKCoC8ZRWI5JJvNdUjtciBGFQ5PuBlpEOXQj+JQSg==}
    engines: {node: '>=12'}
    cpu: [loong64]
    os: [linux]
    requiresBuild: true
    dev: true
    optional: true

  /@esbuild/linux-mips64el@0.21.5:
    resolution: {integrity: sha512-IajOmO+KJK23bj52dFSNCMsz1QP1DqM6cwLUv3W1QwyxkyIWecfafnI555fvSGqEKwjMXVLokcV5ygHW5b3Jbg==}
    engines: {node: '>=12'}
    cpu: [mips64el]
    os: [linux]
    requiresBuild: true
    dev: true
    optional: true

  /@esbuild/linux-ppc64@0.21.5:
    resolution: {integrity: sha512-1hHV/Z4OEfMwpLO8rp7CvlhBDnjsC3CttJXIhBi+5Aj5r+MBvy4egg7wCbe//hSsT+RvDAG7s81tAvpL2XAE4w==}
    engines: {node: '>=12'}
    cpu: [ppc64]
    os: [linux]
    requiresBuild: true
    dev: true
    optional: true

  /@esbuild/linux-riscv64@0.21.5:
    resolution: {integrity: sha512-2HdXDMd9GMgTGrPWnJzP2ALSokE/0O5HhTUvWIbD3YdjME8JwvSCnNGBnTThKGEB91OZhzrJ4qIIxk/SBmyDDA==}
    engines: {node: '>=12'}
    cpu: [riscv64]
    os: [linux]
    requiresBuild: true
    dev: true
    optional: true

  /@esbuild/linux-s390x@0.21.5:
    resolution: {integrity: sha512-zus5sxzqBJD3eXxwvjN1yQkRepANgxE9lgOW2qLnmr8ikMTphkjgXu1HR01K4FJg8h1kEEDAqDcZQtbrRnB41A==}
    engines: {node: '>=12'}
    cpu: [s390x]
    os: [linux]
    requiresBuild: true
    dev: true
    optional: true

  /@esbuild/linux-x64@0.21.5:
    resolution: {integrity: sha512-1rYdTpyv03iycF1+BhzrzQJCdOuAOtaqHTWJZCWvijKD2N5Xu0TtVC8/+1faWqcP9iBCWOmjmhoH94dH82BxPQ==}
    engines: {node: '>=12'}
    cpu: [x64]
    os: [linux]
    requiresBuild: true
    dev: true
    optional: true

  /@esbuild/netbsd-x64@0.21.5:
    resolution: {integrity: sha512-Woi2MXzXjMULccIwMnLciyZH4nCIMpWQAs049KEeMvOcNADVxo0UBIQPfSmxB3CWKedngg7sWZdLvLczpe0tLg==}
    engines: {node: '>=12'}
    cpu: [x64]
    os: [netbsd]
    requiresBuild: true
    dev: true
    optional: true

  /@esbuild/openbsd-x64@0.21.5:
    resolution: {integrity: sha512-HLNNw99xsvx12lFBUwoT8EVCsSvRNDVxNpjZ7bPn947b8gJPzeHWyNVhFsaerc0n3TsbOINvRP2byTZ5LKezow==}
    engines: {node: '>=12'}
    cpu: [x64]
    os: [openbsd]
    requiresBuild: true
    dev: true
    optional: true

  /@esbuild/sunos-x64@0.21.5:
    resolution: {integrity: sha512-6+gjmFpfy0BHU5Tpptkuh8+uw3mnrvgs+dSPQXQOv3ekbordwnzTVEb4qnIvQcYXq6gzkyTnoZ9dZG+D4garKg==}
    engines: {node: '>=12'}
    cpu: [x64]
    os: [sunos]
    requiresBuild: true
    dev: true
    optional: true

  /@esbuild/win32-arm64@0.21.5:
    resolution: {integrity: sha512-Z0gOTd75VvXqyq7nsl93zwahcTROgqvuAcYDUr+vOv8uHhNSKROyU961kgtCD1e95IqPKSQKH7tBTslnS3tA8A==}
    engines: {node: '>=12'}
    cpu: [arm64]
    os: [win32]
    requiresBuild: true
    dev: true
    optional: true

  /@esbuild/win32-ia32@0.21.5:
    resolution: {integrity: sha512-SWXFF1CL2RVNMaVs+BBClwtfZSvDgtL//G/smwAc5oVK/UPu2Gu9tIaRgFmYFFKrmg3SyAjSrElf0TiJ1v8fYA==}
    engines: {node: '>=12'}
    cpu: [ia32]
    os: [win32]
    requiresBuild: true
    dev: true
    optional: true

  /@esbuild/win32-x64@0.21.5:
    resolution: {integrity: sha512-tQd/1efJuzPC6rCFwEvLtci/xNFcTZknmXs98FYDfGE4wP9ClFV98nyKrzJKVPMhdDnjzLhdUyMX4PsQAPjwIw==}
    engines: {node: '>=12'}
    cpu: [x64]
    os: [win32]
    requiresBuild: true
    dev: true
    optional: true

  /@remirror/core-constants@3.0.0:
    resolution: {integrity: sha512-42aWfPrimMfDKDi4YegyS7x+/0tlzaqwPQCULLanv3DMIlu96KTJR0fM5isWX2UViOqlGnX6YFgqWepcX+XMNg==}
    dev: false

  /@rollup/rollup-android-arm-eabi@4.24.0:
    resolution: {integrity: sha512-Q6HJd7Y6xdB48x8ZNVDOqsbh2uByBhgK8PiQgPhwkIw/HC/YX5Ghq2mQY5sRMZWHb3VsFkWooUVOZHKr7DmDIA==}
    cpu: [arm]
    os: [android]
    requiresBuild: true
    dev: true
    optional: true

  /@rollup/rollup-android-arm64@4.24.0:
    resolution: {integrity: sha512-ijLnS1qFId8xhKjT81uBHuuJp2lU4x2yxa4ctFPtG+MqEE6+C5f/+X/bStmxapgmwLwiL3ih122xv8kVARNAZA==}
    cpu: [arm64]
    os: [android]
    requiresBuild: true
    dev: true
    optional: true

  /@rollup/rollup-darwin-arm64@4.24.0:
    resolution: {integrity: sha512-bIv+X9xeSs1XCk6DVvkO+S/z8/2AMt/2lMqdQbMrmVpgFvXlmde9mLcbQpztXm1tajC3raFDqegsH18HQPMYtA==}
    cpu: [arm64]
    os: [darwin]
    requiresBuild: true
    dev: true
    optional: true

  /@rollup/rollup-darwin-x64@4.24.0:
    resolution: {integrity: sha512-X6/nOwoFN7RT2svEQWUsW/5C/fYMBe4fnLK9DQk4SX4mgVBiTA9h64kjUYPvGQ0F/9xwJ5U5UfTbl6BEjaQdBQ==}
    cpu: [x64]
    os: [darwin]
    requiresBuild: true
    dev: true
    optional: true

  /@rollup/rollup-linux-arm-gnueabihf@4.24.0:
    resolution: {integrity: sha512-0KXvIJQMOImLCVCz9uvvdPgfyWo93aHHp8ui3FrtOP57svqrF/roSSR5pjqL2hcMp0ljeGlU4q9o/rQaAQ3AYA==}
    cpu: [arm]
    os: [linux]
    requiresBuild: true
    dev: true
    optional: true

  /@rollup/rollup-linux-arm-musleabihf@4.24.0:
    resolution: {integrity: sha512-it2BW6kKFVh8xk/BnHfakEeoLPv8STIISekpoF+nBgWM4d55CZKc7T4Dx1pEbTnYm/xEKMgy1MNtYuoA8RFIWw==}
    cpu: [arm]
    os: [linux]
    requiresBuild: true
    dev: true
    optional: true

  /@rollup/rollup-linux-arm64-gnu@4.24.0:
    resolution: {integrity: sha512-i0xTLXjqap2eRfulFVlSnM5dEbTVque/3Pi4g2y7cxrs7+a9De42z4XxKLYJ7+OhE3IgxvfQM7vQc43bwTgPwA==}
    cpu: [arm64]
    os: [linux]
    requiresBuild: true
    dev: true
    optional: true

  /@rollup/rollup-linux-arm64-musl@4.24.0:
    resolution: {integrity: sha512-9E6MKUJhDuDh604Qco5yP/3qn3y7SLXYuiC0Rpr89aMScS2UAmK1wHP2b7KAa1nSjWJc/f/Lc0Wl1L47qjiyQw==}
    cpu: [arm64]
    os: [linux]
    requiresBuild: true
    dev: true
    optional: true

  /@rollup/rollup-linux-powerpc64le-gnu@4.24.0:
    resolution: {integrity: sha512-2XFFPJ2XMEiF5Zi2EBf4h73oR1V/lycirxZxHZNc93SqDN/IWhYYSYj8I9381ikUFXZrz2v7r2tOVk2NBwxrWw==}
    cpu: [ppc64]
    os: [linux]
    requiresBuild: true
    dev: true
    optional: true

  /@rollup/rollup-linux-riscv64-gnu@4.24.0:
    resolution: {integrity: sha512-M3Dg4hlwuntUCdzU7KjYqbbd+BLq3JMAOhCKdBE3TcMGMZbKkDdJ5ivNdehOssMCIokNHFOsv7DO4rlEOfyKpg==}
    cpu: [riscv64]
    os: [linux]
    requiresBuild: true
    dev: true
    optional: true

  /@rollup/rollup-linux-s390x-gnu@4.24.0:
    resolution: {integrity: sha512-mjBaoo4ocxJppTorZVKWFpy1bfFj9FeCMJqzlMQGjpNPY9JwQi7OuS1axzNIk0nMX6jSgy6ZURDZ2w0QW6D56g==}
    cpu: [s390x]
    os: [linux]
    requiresBuild: true
    dev: true
    optional: true

  /@rollup/rollup-linux-x64-gnu@4.24.0:
    resolution: {integrity: sha512-ZXFk7M72R0YYFN5q13niV0B7G8/5dcQ9JDp8keJSfr3GoZeXEoMHP/HlvqROA3OMbMdfr19IjCeNAnPUG93b6A==}
    cpu: [x64]
    os: [linux]
    requiresBuild: true
    dev: true
    optional: true

  /@rollup/rollup-linux-x64-musl@4.24.0:
    resolution: {integrity: sha512-w1i+L7kAXZNdYl+vFvzSZy8Y1arS7vMgIy8wusXJzRrPyof5LAb02KGr1PD2EkRcl73kHulIID0M501lN+vobQ==}
    cpu: [x64]
    os: [linux]
    requiresBuild: true
    dev: true
    optional: true

  /@rollup/rollup-win32-arm64-msvc@4.24.0:
    resolution: {integrity: sha512-VXBrnPWgBpVDCVY6XF3LEW0pOU51KbaHhccHw6AS6vBWIC60eqsH19DAeeObl+g8nKAz04QFdl/Cefta0xQtUQ==}
    cpu: [arm64]
    os: [win32]
    requiresBuild: true
    dev: true
    optional: true

  /@rollup/rollup-win32-ia32-msvc@4.24.0:
    resolution: {integrity: sha512-xrNcGDU0OxVcPTH/8n/ShH4UevZxKIO6HJFK0e15XItZP2UcaiLFd5kiX7hJnqCbSztUF8Qot+JWBC/QXRPYWQ==}
    cpu: [ia32]
    os: [win32]
    requiresBuild: true
    dev: true
    optional: true

  /@rollup/rollup-win32-x64-msvc@4.24.0:
    resolution: {integrity: sha512-fbMkAF7fufku0N2dE5TBXcNlg0pt0cJue4xBRE2Qc5Vqikxr4VCgKj/ht6SMdFcOacVA9rqF70APJ8RN/4vMJw==}
    cpu: [x64]
    os: [win32]
    requiresBuild: true
    dev: true
    optional: true

  /@tiptap/core@2.8.0(@tiptap/pm@2.8.0):
    resolution: {integrity: sha512-xsqDI4BNzYRWRtBq7+/38ThhqEr7uG9Njip1x+9/wgR3vWPBFnBkYJTz6jSxS35NRE6BSnERm4/B/vrLuY1Hdw==}
    peerDependencies:
      '@tiptap/pm': ^2.7.0
    dependencies:
      '@tiptap/pm': 2.8.0
    dev: false

  /@tiptap/extension-blockquote@2.8.0(@tiptap/core@2.8.0):
    resolution: {integrity: sha512-m3CKrOIvV7fY1Ak2gYf5LkKiz6AHxHpg6wxfVaJvdBqXgLyVtHo552N+A4oSHOSRbB4AG9EBQ2NeBM8cdEQ4MA==}
    peerDependencies:
      '@tiptap/core': ^2.7.0
    dependencies:
      '@tiptap/core': 2.8.0(@tiptap/pm@2.8.0)
    dev: false

  /@tiptap/extension-bold@2.8.0(@tiptap/core@2.8.0):
    resolution: {integrity: sha512-U1YkZBxDkSLNvPNiqxB5g42IeJHr27C7zDb/yGQN2xL4UBeg4O9xVhCFfe32f6tLwivSL0dar4ScElpaCJuqow==}
    peerDependencies:
      '@tiptap/core': ^2.7.0
    dependencies:
      '@tiptap/core': 2.8.0(@tiptap/pm@2.8.0)
    dev: false

  /@tiptap/extension-bullet-list@2.8.0(@tiptap/core@2.8.0)(@tiptap/extension-list-item@2.8.0)(@tiptap/extension-text-style@2.8.0):
    resolution: {integrity: sha512-H4O2X0ozbc/ce9/XF1H98sqWVUdtt7jzy7hMBunwmY8ZxI4dHtcRkeg81CZbpKTqOqRrMCLWjE3M2tgiDXrDkA==}
    peerDependencies:
      '@tiptap/core': ^2.7.0
      '@tiptap/extension-list-item': ^2.7.0
      '@tiptap/extension-text-style': ^2.7.0
    dependencies:
      '@tiptap/core': 2.8.0(@tiptap/pm@2.8.0)
      '@tiptap/extension-list-item': 2.8.0(@tiptap/core@2.8.0)
      '@tiptap/extension-text-style': 2.8.0(@tiptap/core@2.8.0)
    dev: false

  /@tiptap/extension-code-block@2.8.0(@tiptap/core@2.8.0)(@tiptap/pm@2.8.0):
    resolution: {integrity: sha512-POuA5Igx+Dto0DTazoBFAQTj/M/FCdkqRVD9Uhsxhv49swPyANTJRr05vgbgtHB+NDDsZfCawVh7pI0IAD/O0w==}
    peerDependencies:
      '@tiptap/core': ^2.7.0
      '@tiptap/pm': ^2.7.0
    dependencies:
      '@tiptap/core': 2.8.0(@tiptap/pm@2.8.0)
      '@tiptap/pm': 2.8.0
    dev: false

  /@tiptap/extension-code@2.8.0(@tiptap/core@2.8.0):
    resolution: {integrity: sha512-VSFn3sFF6qPpOGkXFhik8oYRH5iByVJpFEFd/duIEftmS0MdPzkbSItOpN3mc9xsJ5dCX80LYaResSj5hr5zkA==}
    peerDependencies:
      '@tiptap/core': ^2.7.0
    dependencies:
      '@tiptap/core': 2.8.0(@tiptap/pm@2.8.0)
    dev: false

  /@tiptap/extension-collaboration-cursor@2.8.0(@tiptap/core@2.8.0)(y-prosemirror@1.2.12):
    resolution: {integrity: sha512-48UtdoF5ZXNPEkEKYOh+NQEdw+/6jrZp/VOrvEs/pdL0XqPgHsW0cpEV7D69l1sLheiMhMeOGC0iX+0Du6g1Yg==}
    peerDependencies:
      '@tiptap/core': ^2.7.0
      y-prosemirror: ^1.2.11
    dependencies:
      '@tiptap/core': 2.8.0(@tiptap/pm@2.8.0)
      y-prosemirror: 1.2.12(prosemirror-model@1.22.3)(prosemirror-state@1.4.3)(prosemirror-view@1.34.3)(y-protocols@1.0.6)(yjs@13.6.19)
    dev: false

  /@tiptap/extension-collaboration@2.8.0(@tiptap/core@2.8.0)(@tiptap/pm@2.8.0)(y-prosemirror@1.2.12):
    resolution: {integrity: sha512-Ae5NZWj2aq8ZElsGxQiq3cAxxbb0cR7VHvmIG1mPA6USvrQL6/xtBVutersBqINFELmIuxh/jm8qVffBm2qXyg==}
    peerDependencies:
      '@tiptap/core': ^2.7.0
      '@tiptap/pm': ^2.7.0
      y-prosemirror: ^1.2.11
    dependencies:
      '@tiptap/core': 2.8.0(@tiptap/pm@2.8.0)
      '@tiptap/pm': 2.8.0
      y-prosemirror: 1.2.12(prosemirror-model@1.22.3)(prosemirror-state@1.4.3)(prosemirror-view@1.34.3)(y-protocols@1.0.6)(yjs@13.6.19)
    dev: false

  /@tiptap/extension-document@2.8.0(@tiptap/core@2.8.0):
    resolution: {integrity: sha512-mp7Isx1sVc/ifeW4uW/PexGQ9exN3NRUOebSpnLfqXeWYk4y1RS1PA/3+IHkOPVetbnapgPjFx/DswlCP3XLjA==}
    peerDependencies:
      '@tiptap/core': ^2.7.0
    dependencies:
      '@tiptap/core': 2.8.0(@tiptap/pm@2.8.0)
    dev: false

  /@tiptap/extension-dropcursor@2.8.0(@tiptap/core@2.8.0)(@tiptap/pm@2.8.0):
    resolution: {integrity: sha512-rAFvx44YuT6dtS1c+ALw0ROAGI16l5L1HxquL4hR1gtxDcTieST5xhw5bkshXlmrlfotZXPrhokzqA7qjhZtJw==}
    peerDependencies:
      '@tiptap/core': ^2.7.0
      '@tiptap/pm': ^2.7.0
    dependencies:
      '@tiptap/core': 2.8.0(@tiptap/pm@2.8.0)
      '@tiptap/pm': 2.8.0
    dev: false

  /@tiptap/extension-gapcursor@2.8.0(@tiptap/core@2.8.0)(@tiptap/pm@2.8.0):
    resolution: {integrity: sha512-Be1LWCmvteQInOnNVN+HTqc1XWsj1bCl+Q7et8qqNjtGtTaCbdCp8ppcH1SKJxNTM/RLUtPyJ8FDgOTj51ixCA==}
    peerDependencies:
      '@tiptap/core': ^2.7.0
      '@tiptap/pm': ^2.7.0
    dependencies:
      '@tiptap/core': 2.8.0(@tiptap/pm@2.8.0)
      '@tiptap/pm': 2.8.0
    dev: false

  /@tiptap/extension-hard-break@2.8.0(@tiptap/core@2.8.0):
    resolution: {integrity: sha512-vqiIfviNiCmy/pJTHuDSCAGL2O4QDEdDmAvGJu8oRmElUrnlg8DbJUfKvn6DWQHNSQwRb+LDrwWlzAYj1K9u6A==}
    peerDependencies:
      '@tiptap/core': ^2.7.0
    dependencies:
      '@tiptap/core': 2.8.0(@tiptap/pm@2.8.0)
    dev: false

  /@tiptap/extension-heading@2.8.0(@tiptap/core@2.8.0):
    resolution: {integrity: sha512-4inWgrTPiqlivPmEHFOM5ck2UsmOsbKKPtqga6bALvWPmCv24S6/EBwFp8Jz4YABabXDnkviihmGu0LpP9D69w==}
    peerDependencies:
      '@tiptap/core': ^2.7.0
    dependencies:
      '@tiptap/core': 2.8.0(@tiptap/pm@2.8.0)
    dev: false

  /@tiptap/extension-history@2.8.0(@tiptap/core@2.8.0)(@tiptap/pm@2.8.0):
    resolution: {integrity: sha512-u5YS0J5Egsxt8TUWMMAC3QhPZaak+IzQeyHch4gtqxftx96tprItY7AD/A3pGDF2uCSnN+SZrk6yVexm6EncDw==}
    peerDependencies:
      '@tiptap/core': ^2.7.0
      '@tiptap/pm': ^2.7.0
    dependencies:
      '@tiptap/core': 2.8.0(@tiptap/pm@2.8.0)
      '@tiptap/pm': 2.8.0
    dev: false

  /@tiptap/extension-horizontal-rule@2.8.0(@tiptap/core@2.8.0)(@tiptap/pm@2.8.0):
    resolution: {integrity: sha512-Sn/MI8WVFBoIYSIHA9NJryJIyCEzZdRysau8pC5TFnfifre0QV1ksPz2bgF+DyCD69ozQiRdBBHDEwKe47ZbfQ==}
    peerDependencies:
      '@tiptap/core': ^2.7.0
      '@tiptap/pm': ^2.7.0
    dependencies:
      '@tiptap/core': 2.8.0(@tiptap/pm@2.8.0)
      '@tiptap/pm': 2.8.0
    dev: false

  /@tiptap/extension-italic@2.8.0(@tiptap/core@2.8.0):
    resolution: {integrity: sha512-PwwSE2LTYiHI47NJnsfhBmPiLE8IXZYqaSoNPU6flPrk1KxEzqvRI1joKZBmD9wuqzmHJ93VFIeZcC+kfwi8ZA==}
    peerDependencies:
      '@tiptap/core': ^2.7.0
    dependencies:
      '@tiptap/core': 2.8.0(@tiptap/pm@2.8.0)
    dev: false

  /@tiptap/extension-list-item@2.8.0(@tiptap/core@2.8.0):
    resolution: {integrity: sha512-o7OGymGxB0B9x3x2prp3KBDYFuBYGc5sW69O672jk8G52DqhzzndgPnkk0qUn8nXAUKuDGbJmpmHVA2kagqnRg==}
    peerDependencies:
      '@tiptap/core': ^2.7.0
    dependencies:
      '@tiptap/core': 2.8.0(@tiptap/pm@2.8.0)
    dev: false

  /@tiptap/extension-ordered-list@2.8.0(@tiptap/core@2.8.0)(@tiptap/extension-list-item@2.8.0)(@tiptap/extension-text-style@2.8.0):
    resolution: {integrity: sha512-sCvNbcTS1+5QTTXwUPFa10vf5I1pr8sGcOTIh0G+a5ZkS5+6FxT12k7VLzPt39QyNbOi+77U2o4Xr4XyaEkfSg==}
    peerDependencies:
      '@tiptap/core': ^2.7.0
      '@tiptap/extension-list-item': ^2.7.0
      '@tiptap/extension-text-style': ^2.7.0
    dependencies:
      '@tiptap/core': 2.8.0(@tiptap/pm@2.8.0)
      '@tiptap/extension-list-item': 2.8.0(@tiptap/core@2.8.0)
      '@tiptap/extension-text-style': 2.8.0(@tiptap/core@2.8.0)
    dev: false

  /@tiptap/extension-paragraph@2.8.0(@tiptap/core@2.8.0):
    resolution: {integrity: sha512-XgxxNNbuBF48rAGwv7/s6as92/xjm/lTZIGTq9aG13ClUKFtgdel7C33SpUCcxg3cO2WkEyllXVyKUiauFZw/A==}
    peerDependencies:
      '@tiptap/core': ^2.7.0
    dependencies:
      '@tiptap/core': 2.8.0(@tiptap/pm@2.8.0)
    dev: false

  /@tiptap/extension-placeholder@2.8.0(@tiptap/core@2.8.0)(@tiptap/pm@2.8.0):
    resolution: {integrity: sha512-BMqv/C9Tcjd7L1/OphUAJTZhWfpWs0rTQJ0bs3RRGsC8L+K20Fg+li45vw7M0teojpfrw57zwJogJd/m23Zr1Q==}
    peerDependencies:
      '@tiptap/core': ^2.7.0
      '@tiptap/pm': ^2.7.0
    dependencies:
      '@tiptap/core': 2.8.0(@tiptap/pm@2.8.0)
      '@tiptap/pm': 2.8.0
    dev: false

  /@tiptap/extension-strike@2.8.0(@tiptap/core@2.8.0):
    resolution: {integrity: sha512-ezkDiXxQ3ME/dDMMM7tAMkKRi6UWw7tIu+Mx7Os0z8HCGpVBk1gFhLlhEd8I5rJaPZr4tK1wtSehMA9bscFGQw==}
    peerDependencies:
      '@tiptap/core': ^2.7.0
    dependencies:
      '@tiptap/core': 2.8.0(@tiptap/pm@2.8.0)
    dev: false

  /@tiptap/extension-text-style@2.8.0(@tiptap/core@2.8.0):
    resolution: {integrity: sha512-jJp0vcZ2Ty7RvIL0VU6dm1y+fTfXq1lN2GwtYzYM0ueFuESa+Qo8ticYOImyWZ3wGJGVrjn7OV9r0ReW0/NYkQ==}
    peerDependencies:
      '@tiptap/core': ^2.7.0
    dependencies:
      '@tiptap/core': 2.8.0(@tiptap/pm@2.8.0)
    dev: false

  /@tiptap/extension-text@2.8.0(@tiptap/core@2.8.0):
    resolution: {integrity: sha512-EDAdFFzWOvQfVy7j3qkKhBpOeE5thkJaBemSWfXI93/gMVc0ZCdLi24mDvNNgUHlT+RjlIoQq908jZaaxLKN2A==}
    peerDependencies:
      '@tiptap/core': ^2.7.0
    dependencies:
      '@tiptap/core': 2.8.0(@tiptap/pm@2.8.0)
    dev: false

  /@tiptap/pm@2.8.0:
    resolution: {integrity: sha512-eMGpRooUMvKz/vOpnKKppApMSoNM325HxTdAJvTlVAmuHp5bOY5kyY1kfUlePRiVx1t1UlFcXs3kecFwkkBD3Q==}
    dependencies:
      prosemirror-changeset: 2.2.1
      prosemirror-collab: 1.3.1
      prosemirror-commands: 1.6.0
      prosemirror-dropcursor: 1.8.1
      prosemirror-gapcursor: 1.3.2
      prosemirror-history: 1.4.1
      prosemirror-inputrules: 1.4.0
      prosemirror-keymap: 1.2.2
      prosemirror-markdown: 1.13.1
      prosemirror-menu: 1.2.4
      prosemirror-model: 1.22.3
      prosemirror-schema-basic: 1.2.3
      prosemirror-schema-list: 1.4.1
      prosemirror-state: 1.4.3
      prosemirror-tables: 1.5.0
      prosemirror-trailing-node: 3.0.0(prosemirror-model@1.22.3)(prosemirror-state@1.4.3)(prosemirror-view@1.34.3)
      prosemirror-transform: 1.10.0
      prosemirror-view: 1.34.3
    dev: false

  /@tiptap/starter-kit@2.8.0(@tiptap/extension-text-style@2.8.0):
    resolution: {integrity: sha512-r7UwaTrECkQoheWVZKFDqtL5tBx07x7IFT+prfgnsVlYFutGWskVVqzCDvD3BDmrg5PzeCWYZrQGlPaLib7tjg==}
    dependencies:
      '@tiptap/core': 2.8.0(@tiptap/pm@2.8.0)
      '@tiptap/extension-blockquote': 2.8.0(@tiptap/core@2.8.0)
      '@tiptap/extension-bold': 2.8.0(@tiptap/core@2.8.0)
      '@tiptap/extension-bullet-list': 2.8.0(@tiptap/core@2.8.0)(@tiptap/extension-list-item@2.8.0)(@tiptap/extension-text-style@2.8.0)
      '@tiptap/extension-code': 2.8.0(@tiptap/core@2.8.0)
      '@tiptap/extension-code-block': 2.8.0(@tiptap/core@2.8.0)(@tiptap/pm@2.8.0)
      '@tiptap/extension-document': 2.8.0(@tiptap/core@2.8.0)
      '@tiptap/extension-dropcursor': 2.8.0(@tiptap/core@2.8.0)(@tiptap/pm@2.8.0)
      '@tiptap/extension-gapcursor': 2.8.0(@tiptap/core@2.8.0)(@tiptap/pm@2.8.0)
      '@tiptap/extension-hard-break': 2.8.0(@tiptap/core@2.8.0)
      '@tiptap/extension-heading': 2.8.0(@tiptap/core@2.8.0)
      '@tiptap/extension-history': 2.8.0(@tiptap/core@2.8.0)(@tiptap/pm@2.8.0)
      '@tiptap/extension-horizontal-rule': 2.8.0(@tiptap/core@2.8.0)(@tiptap/pm@2.8.0)
      '@tiptap/extension-italic': 2.8.0(@tiptap/core@2.8.0)
      '@tiptap/extension-list-item': 2.8.0(@tiptap/core@2.8.0)
      '@tiptap/extension-ordered-list': 2.8.0(@tiptap/core@2.8.0)(@tiptap/extension-list-item@2.8.0)(@tiptap/extension-text-style@2.8.0)
      '@tiptap/extension-paragraph': 2.8.0(@tiptap/core@2.8.0)
      '@tiptap/extension-strike': 2.8.0(@tiptap/core@2.8.0)
      '@tiptap/extension-text': 2.8.0(@tiptap/core@2.8.0)
      '@tiptap/pm': 2.8.0
    transitivePeerDependencies:
      - '@tiptap/extension-text-style'
    dev: false

  /@types/estree@1.0.6:
    resolution: {integrity: sha512-AYnb1nQyY49te+VRAVgmzfcgjYS91mY5P0TKUDCLEM+gNnA+3T6rWITXRLYCpahpqSQbN5cE+gHpnPyXjHWxcw==}
    dev: true

  /@types/linkify-it@5.0.0:
    resolution: {integrity: sha512-sVDA58zAw4eWAffKOaQH5/5j3XeayukzDk+ewSsnv3p4yJEZHCCzMDiZM8e0OUrRvmpGZ85jf4yDHkHsgBNr9Q==}
    dev: false

  /@types/markdown-it@14.1.2:
    resolution: {integrity: sha512-promo4eFwuiW+TfGxhi+0x3czqTYJkG8qB17ZUJiVF10Xm7NLVRSLUsfRTU/6h1e24VvRnXCx+hG7li58lkzog==}
    dependencies:
      '@types/linkify-it': 5.0.0
      '@types/mdurl': 2.0.0
    dev: false

  /@types/mdurl@2.0.0:
    resolution: {integrity: sha512-RGdgjQUZba5p6QEFAVx2OGb8rQDL/cPRG7GiedRzMcJ1tYnUANBncjbSB1NRGwbvjcPeikRABz2nshyPk1bhWg==}
    dev: false

  /argparse@2.0.1:
    resolution: {integrity: sha512-8+9WqebbFzpX9OR+Wa6O29asIogeRMzcGtAINdpMHHyAg10f05aSFVBbcEqGf/PXw1EjAZ+q2/bEBg3DvurK3Q==}
    dev: false

  /base64-js@1.5.1:
    resolution: {integrity: sha512-AKpaYlHn8t4SVbOHCy+b5+KKgvR4vrsD8vbvrbiQJps7fKDTkjkDry6ji0rUJjC0kzbNePLwzxq8iypo41qeWA==}
    dev: false

  /buffer@6.0.3:
    resolution: {integrity: sha512-FTiCpNxtwiZZHEZbcbTIcZjERVICn9yq/pDFkTl95/AxzD1naBctN7YO68riM/gLSDY7sdrMby8hofADYuuqOA==}
    dependencies:
      base64-js: 1.5.1
      ieee754: 1.2.1
    dev: false

  /crelt@1.0.6:
    resolution: {integrity: sha512-VQ2MBenTq1fWZUH9DJNGti7kKv6EeAuYr3cLwxUWhIu1baTaXh4Ib5W2CqHVqib4/MqbYGJqiL3Zb8GJZr3l4g==}
    dev: false

  /debug@4.3.7:
    resolution: {integrity: sha512-Er2nc/H7RrMXZBFCEim6TCmMk02Z8vLC2Rbi1KEBggpo0fS6l0S1nnapwmIi3yW/+GOJap1Krg4w0Hg80oCqgQ==}
    engines: {node: '>=6.0'}
    peerDependencies:
      supports-color: '*'
    peerDependenciesMeta:
      supports-color:
        optional: true
    dependencies:
      ms: 2.1.3
    dev: false

  /entities@4.5.0:
    resolution: {integrity: sha512-V0hjH4dGPh9Ao5p0MoRY6BVqtwCjhz6vI5LT8AJ55H+4g9/4vbHx1I54fS0XuclLhDHArPQCiMjDxjaL8fPxhw==}
    engines: {node: '>=0.12'}
    dev: false

  /err-code@3.0.1:
    resolution: {integrity: sha512-GiaH0KJUewYok+eeY05IIgjtAe4Yltygk9Wqp1V5yVWLdhf0hYZchRjNIT9bb0mSwRcIusT3cx7PJUf3zEIfUA==}
    dev: false

  /esbuild@0.21.5:
    resolution: {integrity: sha512-mg3OPMV4hXywwpoDxu3Qda5xCKQi+vCTZq8S9J/EpkhB2HzKXq4SNFZE3+NK93JYxc8VMSep+lOUSC/RVKaBqw==}
    engines: {node: '>=12'}
    hasBin: true
    optionalDependencies:
      '@esbuild/aix-ppc64': 0.21.5
      '@esbuild/android-arm': 0.21.5
      '@esbuild/android-arm64': 0.21.5
      '@esbuild/android-x64': 0.21.5
      '@esbuild/darwin-arm64': 0.21.5
      '@esbuild/darwin-x64': 0.21.5
      '@esbuild/freebsd-arm64': 0.21.5
      '@esbuild/freebsd-x64': 0.21.5
      '@esbuild/linux-arm': 0.21.5
      '@esbuild/linux-arm64': 0.21.5
      '@esbuild/linux-ia32': 0.21.5
      '@esbuild/linux-loong64': 0.21.5
      '@esbuild/linux-mips64el': 0.21.5
      '@esbuild/linux-ppc64': 0.21.5
      '@esbuild/linux-riscv64': 0.21.5
      '@esbuild/linux-s390x': 0.21.5
      '@esbuild/linux-x64': 0.21.5
      '@esbuild/netbsd-x64': 0.21.5
      '@esbuild/openbsd-x64': 0.21.5
      '@esbuild/sunos-x64': 0.21.5
      '@esbuild/win32-arm64': 0.21.5
      '@esbuild/win32-ia32': 0.21.5
      '@esbuild/win32-x64': 0.21.5
    dev: true

  /escape-string-regexp@4.0.0:
    resolution: {integrity: sha512-TtpcNJ3XAzx3Gq8sWRzJaVajRs0uVxA2YAkdb1jm2YkPz4G6egUFAyA3n5vtEIZefPk5Wa4UXbKuS5fKkJWdgA==}
    engines: {node: '>=10'}
    dev: false

  /fsevents@2.3.3:
    resolution: {integrity: sha512-5xoDfX+fL7faATnagmWPpbFtwh/R77WmMMqqHGS65C3vvB0YHrgF+B1YmZ3441tMj5n63k0212XNoJwzlhffQw==}
    engines: {node: ^8.16.0 || ^10.6.0 || >=11.0.0}
    os: [darwin]
    requiresBuild: true
    dev: true
    optional: true

  /get-browser-rtc@1.1.0:
    resolution: {integrity: sha512-MghbMJ61EJrRsDe7w1Bvqt3ZsBuqhce5nrn/XAwgwOXhcsz53/ltdxOse1h/8eKXj5slzxdsz56g5rzOFSGwfQ==}
    dev: false

  /ieee754@1.2.1:
    resolution: {integrity: sha512-dcyqhDvX1C46lXZcVqCpK+FtMRQVdIMN6/Df5js2zouUsqG7I6sFxitIC+7KYK29KdXOLHdu9zL4sFnoVQnqaA==}
    dev: false

  /inherits@2.0.4:
    resolution: {integrity: sha512-k/vGaX4/Yla3WzyMCvTQOXYeIHvqOKtnqBduzTHpzpQZzAskKMhZ2K+EnBiSM9zGSoIFeMpXKxa4dYeZIQqewQ==}
    dev: false

  /isomorphic.js@0.2.5:
    resolution: {integrity: sha512-PIeMbHqMt4DnUP3MA/Flc0HElYjMXArsw1qwJZcm9sqR8mq3l8NYizFMty0pWwE/tzIGH3EKK5+jes5mAr85yw==}
    dev: false

  /lib0@0.2.98:
    resolution: {integrity: sha512-XteTiNO0qEXqqweWx+b21p/fBnNHUA1NwAtJNJek1oPrewEZs2uiT4gWivHKr9GqCjDPAhchz0UQO8NwU3bBNA==}
    engines: {node: '>=16'}
    hasBin: true
    dependencies:
      isomorphic.js: 0.2.5
    dev: false

  /linkify-it@5.0.0:
    resolution: {integrity: sha512-5aHCbzQRADcdP+ATqnDuhhJ/MRIqDkZX5pyjFHRRysS8vZ5AbqGEoFIb6pYHPZ+L/OC2Lc+xT8uHVVR5CAK/wQ==}
    dependencies:
      uc.micro: 2.1.0
    dev: false

  /markdown-it@14.1.0:
    resolution: {integrity: sha512-a54IwgWPaeBCAAsv13YgmALOF1elABB08FxO9i+r4VFk5Vl4pKokRPeX8u5TCgSsPi6ec1otfLjdOpVcgbpshg==}
    hasBin: true
    dependencies:
      argparse: 2.0.1
      entities: 4.5.0
      linkify-it: 5.0.0
      mdurl: 2.0.0
      punycode.js: 2.3.1
      uc.micro: 2.1.0
    dev: false

  /mdurl@2.0.0:
    resolution: {integrity: sha512-Lf+9+2r+Tdp5wXDXC4PcIBjTDtq4UKjCPMQhKIuzpJNW0b96kVqSwW0bT7FhRSfmAiFYgP+SCRvdrDozfh0U5w==}
    dev: false

  /ms@2.1.3:
    resolution: {integrity: sha512-6FlzubTLZG3J2a/NVCAleEhjzq5oxgHyaCU9yYXvcLsvoVaHJq/s5xXI6/XXP6tz7R9xAOtHnSO/tXtF3WRTlA==}
    dev: false

  /nanoid@3.3.7:
    resolution: {integrity: sha512-eSRppjcPIatRIMC1U6UngP8XFcz8MQWGQdt1MTBQ7NaAmvXDfvNxbvWV3x2y6CdEUciCSsDHDQZbhYaB8QEo2g==}
    engines: {node: ^10 || ^12 || ^13.7 || ^14 || >=15.0.1}
    hasBin: true
    dev: true

  /orderedmap@2.1.1:
    resolution: {integrity: sha512-TvAWxi0nDe1j/rtMcWcIj94+Ffe6n7zhow33h40SKxmsmozs6dz/e+EajymfoFcHd7sxNn8yHM8839uixMOV6g==}
    dev: false

  /picocolors@1.1.0:
    resolution: {integrity: sha512-TQ92mBOW0l3LeMeyLV6mzy/kWr8lkd/hp3mTg7wYK7zJhuBStmGMBG0BdeDZS/dZx1IukaX6Bk11zcln25o1Aw==}
    dev: true

  /postcss@8.4.47:
    resolution: {integrity: sha512-56rxCq7G/XfB4EkXq9Egn5GCqugWvDFjafDOThIdMBsI15iqPqR5r15TfSr1YPYeEI19YeaXMCbY6u88Y76GLQ==}
    engines: {node: ^10 || ^12 || >=14}
    dependencies:
      nanoid: 3.3.7
      picocolors: 1.1.0
      source-map-js: 1.2.1
    dev: true

  /prosemirror-changeset@2.2.1:
    resolution: {integrity: sha512-J7msc6wbxB4ekDFj+n9gTW/jav/p53kdlivvuppHsrZXCaQdVgRghoZbSS3kwrRyAstRVQ4/+u5k7YfLgkkQvQ==}
    dependencies:
      prosemirror-transform: 1.10.0
    dev: false

  /prosemirror-collab@1.3.1:
    resolution: {integrity: sha512-4SnynYR9TTYaQVXd/ieUvsVV4PDMBzrq2xPUWutHivDuOshZXqQ5rGbZM84HEaXKbLdItse7weMGOUdDVcLKEQ==}
    dependencies:
      prosemirror-state: 1.4.3
    dev: false

  /prosemirror-commands@1.6.0:
    resolution: {integrity: sha512-xn1U/g36OqXn2tn5nGmvnnimAj/g1pUx2ypJJIe8WkVX83WyJVC5LTARaxZa2AtQRwntu9Jc5zXs9gL9svp/mg==}
    dependencies:
      prosemirror-model: 1.22.3
      prosemirror-state: 1.4.3
      prosemirror-transform: 1.10.0
    dev: false

  /prosemirror-dropcursor@1.8.1:
    resolution: {integrity: sha512-M30WJdJZLyXHi3N8vxN6Zh5O8ZBbQCz0gURTfPmTIBNQ5pxrdU7A58QkNqfa98YEjSAL1HUyyU34f6Pm5xBSGw==}
    dependencies:
      prosemirror-state: 1.4.3
      prosemirror-transform: 1.10.0
      prosemirror-view: 1.34.3
    dev: false

  /prosemirror-gapcursor@1.3.2:
    resolution: {integrity: sha512-wtjswVBd2vaQRrnYZaBCbyDqr232Ed4p2QPtRIUK5FuqHYKGWkEwl08oQM4Tw7DOR0FsasARV5uJFvMZWxdNxQ==}
    dependencies:
      prosemirror-keymap: 1.2.2
      prosemirror-model: 1.22.3
      prosemirror-state: 1.4.3
      prosemirror-view: 1.34.3
    dev: false

  /prosemirror-history@1.4.1:
    resolution: {integrity: sha512-2JZD8z2JviJrboD9cPuX/Sv/1ChFng+xh2tChQ2X4bB2HeK+rra/bmJ3xGntCcjhOqIzSDG6Id7e8RJ9QPXLEQ==}
    dependencies:
      prosemirror-state: 1.4.3
      prosemirror-transform: 1.10.0
      prosemirror-view: 1.34.3
      rope-sequence: 1.3.4
    dev: false

  /prosemirror-inputrules@1.4.0:
    resolution: {integrity: sha512-6ygpPRuTJ2lcOXs9JkefieMst63wVJBgHZGl5QOytN7oSZs3Co/BYbc3Yx9zm9H37Bxw8kVzCnDsihsVsL4yEg==}
    dependencies:
      prosemirror-state: 1.4.3
      prosemirror-transform: 1.10.0
    dev: false

  /prosemirror-keymap@1.2.2:
    resolution: {integrity: sha512-EAlXoksqC6Vbocqc0GtzCruZEzYgrn+iiGnNjsJsH4mrnIGex4qbLdWWNza3AW5W36ZRrlBID0eM6bdKH4OStQ==}
    dependencies:
      prosemirror-state: 1.4.3
      w3c-keyname: 2.2.8
    dev: false

  /prosemirror-markdown@1.13.1:
    resolution: {integrity: sha512-Sl+oMfMtAjWtlcZoj/5L/Q39MpEnVZ840Xo330WJWUvgyhNmLBLN7MsHn07s53nG/KImevWHSE6fEj4q/GihHw==}
    dependencies:
      '@types/markdown-it': 14.1.2
      markdown-it: 14.1.0
      prosemirror-model: 1.22.3
    dev: false

  /prosemirror-menu@1.2.4:
    resolution: {integrity: sha512-S/bXlc0ODQup6aiBbWVsX/eM+xJgCTAfMq/nLqaO5ID/am4wS0tTCIkzwytmao7ypEtjj39i7YbJjAgO20mIqA==}
    dependencies:
      crelt: 1.0.6
      prosemirror-commands: 1.6.0
      prosemirror-history: 1.4.1
      prosemirror-state: 1.4.3
    dev: false

  /prosemirror-model@1.22.3:
    resolution: {integrity: sha512-V4XCysitErI+i0rKFILGt/xClnFJaohe/wrrlT2NSZ+zk8ggQfDH4x2wNK7Gm0Hp4CIoWizvXFP7L9KMaCuI0Q==}
    dependencies:
      orderedmap: 2.1.1
    dev: false

  /prosemirror-schema-basic@1.2.3:
    resolution: {integrity: sha512-h+H0OQwZVqMon1PNn0AG9cTfx513zgIG2DY00eJ00Yvgb3UD+GQ/VlWW5rcaxacpCGT1Yx8nuhwXk4+QbXUfJA==}
    dependencies:
      prosemirror-model: 1.22.3
    dev: false

  /prosemirror-schema-list@1.4.1:
    resolution: {integrity: sha512-jbDyaP/6AFfDfu70VzySsD75Om2t3sXTOdl5+31Wlxlg62td1haUpty/ybajSfJ1pkGadlOfwQq9kgW5IMo1Rg==}
    dependencies:
      prosemirror-model: 1.22.3
      prosemirror-state: 1.4.3
      prosemirror-transform: 1.10.0
    dev: false

  /prosemirror-state@1.4.3:
    resolution: {integrity: sha512-goFKORVbvPuAQaXhpbemJFRKJ2aixr+AZMGiquiqKxaucC6hlpHNZHWgz5R7dS4roHiwq9vDctE//CZ++o0W1Q==}
    dependencies:
      prosemirror-model: 1.22.3
      prosemirror-transform: 1.10.0
      prosemirror-view: 1.34.3
    dev: false

  /prosemirror-tables@1.5.0:
    resolution: {integrity: sha512-VMx4zlYWm7aBlZ5xtfJHpqa3Xgu3b7srV54fXYnXgsAcIGRqKSrhiK3f89omzzgaAgAtDOV4ImXnLKhVfheVNQ==}
    dependencies:
      prosemirror-keymap: 1.2.2
      prosemirror-model: 1.22.3
      prosemirror-state: 1.4.3
      prosemirror-transform: 1.10.0
      prosemirror-view: 1.34.3
    dev: false

  /prosemirror-trailing-node@3.0.0(prosemirror-model@1.22.3)(prosemirror-state@1.4.3)(prosemirror-view@1.34.3):
    resolution: {integrity: sha512-xiun5/3q0w5eRnGYfNlW1uU9W6x5MoFKWwq/0TIRgt09lv7Hcser2QYV8t4muXbEr+Fwo0geYn79Xs4GKywrRQ==}
    peerDependencies:
      prosemirror-model: ^1.22.1
      prosemirror-state: ^1.4.2
      prosemirror-view: ^1.33.8
    dependencies:
      '@remirror/core-constants': 3.0.0
      escape-string-regexp: 4.0.0
      prosemirror-model: 1.22.3
      prosemirror-state: 1.4.3
      prosemirror-view: 1.34.3
    dev: false

  /prosemirror-transform@1.10.0:
    resolution: {integrity: sha512-9UOgFSgN6Gj2ekQH5CTDJ8Rp/fnKR2IkYfGdzzp5zQMFsS4zDllLVx/+jGcX86YlACpG7UR5fwAXiWzxqWtBTg==}
    dependencies:
      prosemirror-model: 1.22.3
    dev: false

  /prosemirror-view@1.34.3:
    resolution: {integrity: sha512-mKZ54PrX19sSaQye+sef+YjBbNu2voNwLS1ivb6aD2IRmxRGW64HU9B644+7OfJStGLyxvOreKqEgfvXa91WIA==}
    dependencies:
      prosemirror-model: 1.22.3
      prosemirror-state: 1.4.3
      prosemirror-transform: 1.10.0
    dev: false

  /punycode.js@2.3.1:
    resolution: {integrity: sha512-uxFIHU0YlHYhDQtV4R9J6a52SLx28BCjT+4ieh7IGbgwVJWO+km431c4yRlREUAsAmt/uMjQUyQHNEPf0M39CA==}
    engines: {node: '>=6'}
    dev: false

  /queue-microtask@1.2.3:
    resolution: {integrity: sha512-NuaNSa6flKT5JaSYQzJok04JzTL1CA6aGhv5rfLW3PgqA+M2ChpZQnAC8h8i4ZFkBS8X5RqkDBHA7r4hej3K9A==}
    dev: false

  /randombytes@2.1.0:
    resolution: {integrity: sha512-vYl3iOX+4CKUWuxGi9Ukhie6fsqXqS9FE2Zaic4tNFD2N2QQaXOMFbuKK4QmDHC0JO6B1Zp41J0LpT0oR68amQ==}
    dependencies:
      safe-buffer: 5.2.1
    dev: false

  /readable-stream@3.6.2:
    resolution: {integrity: sha512-9u/sniCrY3D5WdsERHzHE4G2YCXqoG5FTHUiCC4SIbr6XcLZBY05ya9EKjYek9O5xOAwjGq+1JdGBAS7Q9ScoA==}
    engines: {node: '>= 6'}
    dependencies:
      inherits: 2.0.4
      string_decoder: 1.3.0
      util-deprecate: 1.0.2
    dev: false

  /rollup@4.24.0:
    resolution: {integrity: sha512-DOmrlGSXNk1DM0ljiQA+i+o0rSLhtii1je5wgk60j49d1jHT5YYttBv1iWOnYSTG+fZZESUOSNiAl89SIet+Cg==}
    engines: {node: '>=18.0.0', npm: '>=8.0.0'}
    hasBin: true
    dependencies:
      '@types/estree': 1.0.6
    optionalDependencies:
      '@rollup/rollup-android-arm-eabi': 4.24.0
      '@rollup/rollup-android-arm64': 4.24.0
      '@rollup/rollup-darwin-arm64': 4.24.0
      '@rollup/rollup-darwin-x64': 4.24.0
      '@rollup/rollup-linux-arm-gnueabihf': 4.24.0
      '@rollup/rollup-linux-arm-musleabihf': 4.24.0
      '@rollup/rollup-linux-arm64-gnu': 4.24.0
      '@rollup/rollup-linux-arm64-musl': 4.24.0
      '@rollup/rollup-linux-powerpc64le-gnu': 4.24.0
      '@rollup/rollup-linux-riscv64-gnu': 4.24.0
      '@rollup/rollup-linux-s390x-gnu': 4.24.0
      '@rollup/rollup-linux-x64-gnu': 4.24.0
      '@rollup/rollup-linux-x64-musl': 4.24.0
      '@rollup/rollup-win32-arm64-msvc': 4.24.0
      '@rollup/rollup-win32-ia32-msvc': 4.24.0
      '@rollup/rollup-win32-x64-msvc': 4.24.0
      fsevents: 2.3.3
    dev: true

  /rope-sequence@1.3.4:
    resolution: {integrity: sha512-UT5EDe2cu2E/6O4igUr5PSFs23nvvukicWHx6GnOPlHAiiYbzNuCRQCuiUdHJQcqKalLKlrYJnjY0ySGsXNQXQ==}
    dev: false

  /safe-buffer@5.2.1:
    resolution: {integrity: sha512-rp3So07KcdmmKbGvgaNxQSJr7bGVSVk5S9Eq1F+ppbRo70+YeaDxkw5Dd8NPN+GD6bjnYm2VuPuCXmpuYvmCXQ==}
    dev: false

  /simple-peer@9.11.1:
    resolution: {integrity: sha512-D1SaWpOW8afq1CZGWB8xTfrT3FekjQmPValrqncJMX7QFl8YwhrPTZvMCANLtgBwwdS+7zURyqxDDEmY558tTw==}
    dependencies:
      buffer: 6.0.3
      debug: 4.3.7
      err-code: 3.0.1
      get-browser-rtc: 1.1.0
      queue-microtask: 1.2.3
      randombytes: 2.1.0
      readable-stream: 3.6.2
    transitivePeerDependencies:
      - supports-color
    dev: false

  /source-map-js@1.2.1:
    resolution: {integrity: sha512-UXWMKhLOwVKb728IUtQPXxfYU+usdybtUrK/8uGE8CQMvrhOpwvzDBwj0QhSL7MQc7vIsISBG8VQ8+IDQxpfQA==}
    engines: {node: '>=0.10.0'}
    dev: true

  /string_decoder@1.3.0:
    resolution: {integrity: sha512-hkRX8U1WjJFd8LsDJ2yQ/wWWxaopEsABU1XfkM8A+j0+85JAGppt16cr1Whg6KIbb4okU6Mql6BOj+uup/wKeA==}
    dependencies:
      safe-buffer: 5.2.1
    dev: false

  /uc.micro@2.1.0:
    resolution: {integrity: sha512-ARDJmphmdvUk6Glw7y9DQ2bFkKBHwQHLi2lsaH6PPmz/Ka9sFOBsBluozhDltWmnv9u/cF6Rt87znRTPV+yp/A==}
    dev: false

  /util-deprecate@1.0.2:
    resolution: {integrity: sha512-EPD5q1uXyFxJpCrLnCc1nHnq3gOa6DZBocAIiI2TaSCA7VCJ1UJDMagCzIkXNsUYfD1daK//LTEQ8xiIbrHtcw==}
    dev: false

  /vite@5.4.8:
    resolution: {integrity: sha512-FqrItQ4DT1NC4zCUqMB4c4AZORMKIa0m8/URVCZ77OZ/QSNeJ54bU1vrFADbDsuwfIPcgknRkmqakQcgnL4GiQ==}
    engines: {node: ^18.0.0 || >=20.0.0}
    hasBin: true
    peerDependencies:
      '@types/node': ^18.0.0 || >=20.0.0
      less: '*'
      lightningcss: ^1.21.0
      sass: '*'
      sass-embedded: '*'
      stylus: '*'
      sugarss: '*'
      terser: ^5.4.0
    peerDependenciesMeta:
      '@types/node':
        optional: true
      less:
        optional: true
      lightningcss:
        optional: true
      sass:
        optional: true
      sass-embedded:
        optional: true
      stylus:
        optional: true
      sugarss:
        optional: true
      terser:
        optional: true
    dependencies:
      esbuild: 0.21.5
      postcss: 8.4.47
      rollup: 4.24.0
    optionalDependencies:
      fsevents: 2.3.3
    dev: true

  /w3c-keyname@2.2.8:
    resolution: {integrity: sha512-dpojBhNsCNN7T82Tm7k26A6G9ML3NkhDsnw9n/eoxSRlVBB4CEtIQ/KTCLI2Fwf3ataSXRhYFkQi3SlnFwPvPQ==}
    dev: false

  /ws@8.18.0:
    resolution: {integrity: sha512-8VbfWfHLbbwu3+N6OKsOMpBdT4kXPDDB9cJk2bJ6mh9ucxdlnNvH1e+roYkKmN9Nxw2yjz7VzeO9oOz2zJ04Pw==}
    engines: {node: '>=10.0.0'}
    requiresBuild: true
    peerDependencies:
      bufferutil: ^4.0.1
      utf-8-validate: '>=5.0.2'
    peerDependenciesMeta:
      bufferutil:
        optional: true
      utf-8-validate:
        optional: true
    dev: false
    optional: true

  /y-prosemirror@1.2.12(prosemirror-model@1.22.3)(prosemirror-state@1.4.3)(prosemirror-view@1.34.3)(y-protocols@1.0.6)(yjs@13.6.19):
    resolution: {integrity: sha512-UMnUIR5ppVn30n2kzeeBQEaesWGe4fsbnlch1HnNa3/snJMoOn7M7dieuS+o1OQwKs1dqx2eT3gFfGF2aOaQdw==}
    engines: {node: '>=16.0.0', npm: '>=8.0.0'}
    peerDependencies:
      prosemirror-model: ^1.7.1
      prosemirror-state: ^1.2.3
      prosemirror-view: ^1.9.10
      y-protocols: ^1.0.1
      yjs: ^13.5.38
    dependencies:
      lib0: 0.2.98
      prosemirror-model: 1.22.3
      prosemirror-state: 1.4.3
      prosemirror-view: 1.34.3
      y-protocols: 1.0.6(yjs@13.6.19)
      yjs: 13.6.19
    dev: false

  /y-protocols@1.0.6(yjs@13.6.19):
    resolution: {integrity: sha512-vHRF2L6iT3rwj1jub/K5tYcTT/mEYDUppgNPXwp8fmLpui9f7Yeq3OEtTLVF012j39QnV+KEQpNqoN7CWU7Y9Q==}
    engines: {node: '>=16.0.0', npm: '>=8.0.0'}
    peerDependencies:
      yjs: ^13.0.0
    dependencies:
      lib0: 0.2.98
      yjs: 13.6.19
    dev: false

  /y-webrtc@10.3.0(yjs@13.6.19):
    resolution: {integrity: sha512-KalJr7dCgUgyVFxoG3CQYbpS0O2qybegD0vI4bYnYHI0MOwoVbucED3RZ5f2o1a5HZb1qEssUKS0H/Upc6p1lA==}
    engines: {node: '>=12'}
    hasBin: true
    peerDependencies:
      yjs: ^13.6.8
    dependencies:
      lib0: 0.2.98
      simple-peer: 9.11.1
      y-protocols: 1.0.6(yjs@13.6.19)
      yjs: 13.6.19
    optionalDependencies:
      ws: 8.18.0
    transitivePeerDependencies:
      - bufferutil
      - supports-color
      - utf-8-validate
    dev: false

  /yjs@13.6.19:
    resolution: {integrity: sha512-GNKw4mEUn5yWU2QPHRx8jppxmCm9KzbBhB4qJLUJFiiYD0g/tDVgXQ7aPkyh01YO28kbs2J/BEbWBagjuWyejw==}
    engines: {node: '>=16.0.0', npm: '>=8.0.0'}
    dependencies:
      lib0: 0.2.98
    dev: false
